
Microsoft Visual Studio Solution File, Format Version 12.00
# Visual Studio 15
VisualStudioVersion = 15.0.28010.2036
MinimumVisualStudioVersion = 10.0.40219.1
Project("{FAE04EC0-301F-11D3-BF4B-00C04F79EFBC}") = "ClientDNS", "ClientDNS\ClientDNS.csproj", "{A02771E5-355C-4A6E-94C5-215560968C60}"
EndProject
Global
	GlobalSection(SolutionConfigurationPlatforms) = preSolution
		Debug|Any CPU = Debug|Any CPU
		Release|Any CPU = Release|Any CPU
	EndGlobalSection
	GlobalSection(ProjectConfigurationPlatforms) = postSolution
		{A02771E5-355C-4A6E-94C5-215560968C60}.Debug|Any CPU.ActiveCfg = Debug|Any CPU
		{A02771E5-355C-4A6E-94C5-215560968C60}.Debug|Any CPU.Build.0 = Debug|Any CPU
		{A02771E5-355C-4A6E-94C5-215560968C60}.Release|Any CPU.ActiveCfg = Release|Any CPU
		{A02771E5-355C-4A6E-94C5-215560968C60}.Release|Any CPU.Build.0 = Release|Any CPU
	EndGlobalSection
	GlobalSection(SolutionProperties) = preSolution
		HideSolutionNode = FALSE
	EndGlobalSection
	GlobalSection(ExtensibilityGlobals) = postSolution
		SolutionGuid = {2C0521A9-3E18-4FD8-954C-56F0E7A91AB7}
	EndGlobalSection
EndGlobal
